
Microsoft Visual Studio Solution File, Format Version 12.00
# Visual Studio Version 17
VisualStudioVersion = 17.8.34322.80
MinimumVisualStudioVersion = 10.0.40219.1
Project("{FAE04EC0-301F-11D3-BF4B-00C04F79EFBC}") = "Frary_sp25_M24_t2", "Frary_sp25_M24_t2\Frary_sp25_M24_t2.csproj", "{D37C9740-8AA6-4F50-8890-9C8998182C5D}"
EndProject
Global
	GlobalSection(SolutionConfigurationPlatforms) = preSolution
		Debug|Any CPU = Debug|Any CPU
		Release|Any CPU = Release|Any CPU
	EndGlobalSection
	GlobalSection(ProjectConfigurationPlatforms) = postSolution
		{D37C9740-8AA6-4F50-8890-9C8998182C5D}.Debug|Any CPU.ActiveCfg = Debug|Any CPU
		{D37C9740-8AA6-4F50-8890-9C8998182C5D}.Debug|Any CPU.Build.0 = Debug|Any CPU
		{D37C9740-8AA6-4F50-8890-9C8998182C5D}.Release|Any CPU.ActiveCfg = Release|Any CPU
		{D37C9740-8AA6-4F50-8890-9C8998182C5D}.Release|Any CPU.Build.0 = Release|Any CPU
	EndGlobalSection
	GlobalSection(SolutionProperties) = preSolution
		HideSolutionNode = FALSE
	EndGlobalSection
	GlobalSection(ExtensibilityGlobals) = postSolution
		SolutionGuid = {D04BF9DB-B6F5-4BAA-AD31-F052CB05AA7C}
	EndGlobalSection
EndGlobal
